
Microsoft Visual Studio Solution File, Format Version 12.00
# Visual Studio Version 16
VisualStudioVersion = 16.0.30611.23
MinimumVisualStudioVersion = 10.0.40219.1
Project("{FAE04EC0-301F-11D3-BF4B-00C04F79EFBC}") = "SignalR.API", "SignalR.API\SignalR.API.csproj", "{CDD0FFF3-4C79-4C85-ACAB-2B59FE5BB4AB}"
EndProject
Global
	GlobalSection(SolutionConfigurationPlatforms) = preSolution
		Debug|Any CPU = Debug|Any CPU
		Release|Any CPU = Release|Any CPU
	EndGlobalSection
	GlobalSection(ProjectConfigurationPlatforms) = postSolution
		{CDD0FFF3-4C79-4C85-ACAB-2B59FE5BB4AB}.Debug|Any CPU.ActiveCfg = Debug|Any CPU
		{CDD0FFF3-4C79-4C85-ACAB-2B59FE5BB4AB}.Debug|Any CPU.Build.0 = Debug|Any CPU
		{CDD0FFF3-4C79-4C85-ACAB-2B59FE5BB4AB}.Release|Any CPU.ActiveCfg = Release|Any CPU
		{CDD0FFF3-4C79-4C85-ACAB-2B59FE5BB4AB}.Release|Any CPU.Build.0 = Release|Any CPU
	EndGlobalSection
	GlobalSection(SolutionProperties) = preSolution
		HideSolutionNode = FALSE
	EndGlobalSection
	GlobalSection(ExtensibilityGlobals) = postSolution
		SolutionGuid = {B62D3092-79E4-4D74-97DD-9CDA2D4D299E}
	EndGlobalSection
EndGlobal
